{"version":4,"terraform_version":"1.8.8","serial":10,"lineage":"7b79201c-b782-85ec-4615-00639fc39a9e","outputs":{"instance_public_ip":{"value":"18.208.106.232","type":"string"}},"resources":[{"mode":"managed","type":"aws_instance","name":"web2","provider":"provider[\"registry.opentofu.org/hashicorp/aws\"]","instances":[{"schema_version":1,"attributes":{"ami":"ami-0e2c8caa4b6378d8c","arn":"arn:aws:ec2:us-east-1:992382546334:instance/i-08acb18a478f29211","associate_public_ip_address":true,"availability_zone":"us-east-1b","capacity_reservation_specification":[{"capacity_reservation_preference":"open","capacity_reservation_target":[]}],"cpu_core_count":1,"cpu_options":[{"amd_sev_snp":"","core_count":1,"threads_per_core":1}],"cpu_threads_per_core":1,"credit_specification":[{"cpu_credits":"standard"}],"disable_api_stop":false,"disable_api_termination":false,"ebs_block_device":[],"ebs_optimized":false,"enclave_options":[{"enabled":false}],"ephemeral_block_device":[],"get_password_data":false,"hibernation":false,"host_id":"","host_resource_group_arn":null,"iam_instance_profile":"","id":"i-08acb18a478f29211","instance_initiated_shutdown_behavior":"stop","instance_state":"running","instance_type":"t2.micro","ipv6_address_count":0,"ipv6_addresses":[],"key_name":"Key","launch_template":[],"maintenance_options":[{"auto_recovery":"default"}],"metadata_options":[{"http_endpoint":"enabled","http_put_response_hop_limit":2,"http_tokens":"required","instance_metadata_tags":"disabled"}],"monitoring":true,"network_interface":[],"outpost_arn":"","password_data":"","placement_group":"","placement_partition_number":0,"primary_network_interface_id":"eni-0c8bd0bf7a8d049ee","private_dns":"ip-172-31-85-72.ec2.internal","private_dns_name_options":[{"enable_resource_name_dns_a_record":false,"enable_resource_name_dns_aaaa_record":false,"hostname_type":"ip-name"}],"private_ip":"172.31.85.72","public_dns":"ec2-18-208-106-232.compute-1.amazonaws.com","public_ip":"18.208.106.232","root_block_device":[{"delete_on_termination":true,"device_name":"/dev/sda1","encrypted":false,"iops":3000,"kms_key_id":"","tags":{},"throughput":125,"volume_id":"vol-0e3a6d0845cf70c96","volume_size":8,"volume_type":"gp3"}],"secondary_private_ips":[],"security_groups":["nginx-sg20250109133246297000000001"],"source_dest_check":true,"subnet_id":"subnet-0e581c6a1222cccc8","tags":{"Name":"web2"},"tags_all":{"Name":"web2"},"tenancy":"default","timeouts":null,"user_data":"ceaf254da888f7f35904bdc35c7beb361870ce0a","user_data_base64":null,"user_data_replace_on_change":false,"volume_tags":null,"vpc_security_group_ids":["sg-07d8a73a001ef5005"]},"sensitive_attributes":[],"private":"eyJlMmJmYjczMC1lY2FhLTExZTYtOGY4OC0zNDM2M2JjN2M0YzAiOnsiY3JlYXRlIjo2MDAwMDAwMDAwMDAsImRlbGV0ZSI6MTIwMDAwMDAwMDAwMCwidXBkYXRlIjo2MDAwMDAwMDAwMDB9LCJzY2hlbWFfdmVyc2lvbiI6IjEifQ==","dependencies":["aws_security_group.nginx_security_group"]}]},{"mode":"managed","type":"aws_security_group","name":"nginx_security_group","provider":"provider[\"registry.opentofu.org/hashicorp/aws\"]","instances":[{"schema_version":1,"attributes":{"arn":"arn:aws:ec2:us-east-1:992382546334:security-group/sg-07d8a73a001ef5005","description":"Managed by Terraform","egress":[{"cidr_blocks":["0.0.0.0/0"],"description":"","from_port":0,"ipv6_cidr_blocks":[],"prefix_list_ids":[],"protocol":"-1","security_groups":[],"self":false,"to_port":0}],"id":"sg-07d8a73a001ef5005","ingress":[{"cidr_blocks":["0.0.0.0/0"],"description":"","from_port":22,"ipv6_cidr_blocks":[],"prefix_list_ids":[],"protocol":"tcp","security_groups":[],"self":false,"to_port":22},{"cidr_blocks":["0.0.0.0/0"],"description":"","from_port":80,"ipv6_cidr_blocks":[],"prefix_list_ids":[],"protocol":"tcp","security_groups":[],"self":false,"to_port":80}],"name":"nginx-sg20250109133246297000000001","name_prefix":"nginx-sg","owner_id":"992382546334","revoke_rules_on_delete":false,"tags":null,"tags_all":{},"timeouts":null,"vpc_id":"vpc-022b7c84dcf02dbd2"},"sensitive_attributes":[],"private":"eyJlMmJmYjczMC1lY2FhLTExZTYtOGY4OC0zNDM2M2JjN2M0YzAiOnsiY3JlYXRlIjo2MDAwMDAwMDAwMDAsImRlbGV0ZSI6OTAwMDAwMDAwMDAwfSwic2NoZW1hX3ZlcnNpb24iOiIxIn0="}]}],"check_results":null}
