{"version":4,"terraform_version":"1.9.0","serial":11,"lineage":"1d90e1f1-70d9-7134-9230-58094bda01b2","outputs":{},"resources":[{"mode":"data","type":"aws_internet_gateway","name":"main","provider":"provider[\"registry.opentofu.org/hashicorp/aws\"]","instances":[{"schema_version":0,"attributes":{"arn":"arn:aws:ec2:us-east-1:992382546334:internet-gateway/igw-0e8d8bb12aac73104","attachments":[{"state":"available","vpc_id":"vpc-0c3dd495297486d5d"}],"filter":[{"name":"attachment.vpc-id","values":["vpc-0c3dd495297486d5d"]}],"id":"igw-0e8d8bb12aac73104","internet_gateway_id":"igw-0e8d8bb12aac73104","owner_id":"992382546334","tags":{"Name":"main"},"timeouts":null},"sensitive_attributes":[]}]},{"mode":"data","type":"aws_vpc","name":"existing","provider":"provider[\"registry.opentofu.org/hashicorp/aws\"]","instances":[{"schema_version":0,"attributes":{"arn":"arn:aws:ec2:us-east-1:992382546334:vpc/vpc-0c3dd495297486d5d","cidr_block":"10.0.0.0/16","cidr_block_associations":[{"association_id":"vpc-cidr-assoc-0a5665e9cd49cff77","cidr_block":"10.0.0.0/16","state":"associated"}],"default":false,"dhcp_options_id":"dopt-09b55fdaed6380458","enable_dns_hostnames":true,"enable_dns_support":true,"enable_network_address_usage_metrics":false,"filter":[{"name":"tag:Name","values":["main"]}],"id":"vpc-0c3dd495297486d5d","instance_tenancy":"default","ipv6_association_id":"","ipv6_cidr_block":"","main_route_table_id":"rtb-04ec408ce6d96eb48","owner_id":"992382546334","state":null,"tags":{"Name":"main"},"timeouts":null},"sensitive_attributes":[]}]},{"mode":"managed","type":"aws_db_instance","name":"wordpress","provider":"provider[\"registry.opentofu.org/hashicorp/aws\"]","instances":[{"schema_version":1,"attributes":{"address":"wordpress-db.c5a8kymeqvjr.us-east-1.rds.amazonaws.com","allocated_storage":20,"allow_major_version_upgrade":null,"apply_immediately":false,"arn":"arn:aws:rds:us-east-1:992382546334:db:wordpress-db","auto_minor_version_upgrade":true,"availability_zone":"us-east-1a","backup_retention_period":7,"backup_window":"06:48-07:18","blue_green_update":[],"ca_cert_identifier":"rds-ca-rsa2048-g1","character_set_name":"","copy_tags_to_snapshot":false,"custom_iam_instance_profile":"","customer_owned_ip_enabled":false,"db_name":"wordpress","db_subnet_group_name":"wordpress","delete_automated_backups":true,"deletion_protection":false,"domain":"","domain_iam_role_name":"","enabled_cloudwatch_logs_exports":null,"endpoint":"wordpress-db.c5a8kymeqvjr.us-east-1.rds.amazonaws.com:3306","engine":"mysql","engine_version":"8.0","engine_version_actual":"8.0.39","final_snapshot_identifier":null,"hosted_zone_id":"Z2R2ITUGPM61AM","iam_database_authentication_enabled":false,"id":"wordpress-db","identifier":"wordpress-db","identifier_prefix":"","instance_class":"db.t3.micro","iops":0,"kms_key_id":"","latest_restorable_time":"2025-01-15T18:20:00Z","license_model":"general-public-license","listener_endpoint":[],"maintenance_window":"sat:09:30-sat:10:00","manage_master_user_password":null,"master_user_secret":[],"master_user_secret_kms_key_id":null,"max_allocated_storage":0,"monitoring_interval":0,"monitoring_role_arn":"","multi_az":false,"name":"wordpress","nchar_character_set_name":"","network_type":"IPV4","option_group_name":"default:mysql-8-0","parameter_group_name":"default.mysql8.0","password":"wordpress1234","performance_insights_enabled":false,"performance_insights_kms_key_id":"","performance_insights_retention_period":0,"port":3306,"publicly_accessible":false,"replica_mode":"","replicas":[],"replicate_source_db":"","resource_id":"db-UQB7VCLLCWNMQITM437DLNEKQU","restore_to_point_in_time":[],"s3_import":[],"security_group_names":null,"skip_final_snapshot":true,"snapshot_identifier":null,"status":"available","storage_encrypted":false,"storage_throughput":0,"storage_type":"gp2","tags":null,"tags_all":{},"timeouts":null,"timezone":"","username":"wordpress","vpc_security_group_ids":["sg-0d7901d76cb4cb99e"]},"sensitive_attributes":[[{"type":"get_attr","value":"password"}]],"private":"eyJlMmJmYjczMC1lY2FhLTExZTYtOGY4OC0zNDM2M2JjN2M0YzAiOnsiY3JlYXRlIjoyNDAwMDAwMDAwMDAwLCJkZWxldGUiOjM2MDAwMDAwMDAwMDAsInVwZGF0ZSI6NDgwMDAwMDAwMDAwMH0sInNjaGVtYV92ZXJzaW9uIjoiMSJ9","dependencies":["aws_db_subnet_group.wordpress","aws_security_group.rds","aws_security_group.wordpress","aws_subnet.public_1","aws_subnet.public_2","data.aws_vpc.existing"]}]},{"mode":"managed","type":"aws_db_subnet_group","name":"wordpress","provider":"provider[\"registry.opentofu.org/hashicorp/aws\"]","instances":[{"schema_version":0,"attributes":{"arn":"arn:aws:rds:us-east-1:992382546334:subgrp:wordpress","description":"Managed by Terraform","id":"wordpress","name":"wordpress","name_prefix":"","subnet_ids":["subnet-0b280f4659ee665f2","subnet-0efd3672eb7746788"],"supported_network_types":["IPV4"],"tags":{},"tags_all":{},"vpc_id":"vpc-0c3dd495297486d5d"},"sensitive_attributes":[],"private":"bnVsbA==","dependencies":["aws_subnet.public_1","aws_subnet.public_2","data.aws_vpc.existing"]}]},{"mode":"managed","type":"aws_ecs_cluster","name":"wordpress","provider":"provider[\"registry.opentofu.org/hashicorp/aws\"]","instances":[{"schema_version":0,"attributes":{"arn":"arn:aws:ecs:us-east-1:992382546334:cluster/wordpress-cluster","capacity_providers":[],"configuration":[],"default_capacity_provider_strategy":[],"id":"arn:aws:ecs:us-east-1:992382546334:cluster/wordpress-cluster","name":"wordpress-cluster","service_connect_defaults":[],"setting":[{"name":"containerInsights","value":"disabled"}],"tags":{},"tags_all":{}},"sensitive_attributes":[],"private":"bnVsbA=="}]},{"mode":"managed","type":"aws_ecs_service","name":"wordpress","provider":"provider[\"registry.opentofu.org/hashicorp/aws\"]","instances":[{"schema_version":0,"attributes":{"alarms":[],"capacity_provider_strategy":[],"cluster":"arn:aws:ecs:us-east-1:992382546334:cluster/wordpress-cluster","deployment_circuit_breaker":[{"enable":false,"rollback":false}],"deployment_controller":[{"type":"ECS"}],"deployment_maximum_percent":200,"deployment_minimum_healthy_percent":100,"desired_count":1,"enable_ecs_managed_tags":false,"enable_execute_command":false,"force_new_deployment":null,"health_check_grace_period_seconds":0,"iam_role":"/aws-service-role/ecs.amazonaws.com/AWSServiceRoleForECS","id":"arn:aws:ecs:us-east-1:992382546334:service/wordpress-cluster/wordpress-service","launch_type":"FARGATE","load_balancer":[],"name":"wordpress-service","network_configuration":[{"assign_public_ip":true,"security_groups":["sg-06aaf767a40a7ded1"],"subnets":["subnet-0b280f4659ee665f2","subnet-0efd3672eb7746788"]}],"ordered_placement_strategy":[],"placement_constraints":[],"platform_version":"LATEST","propagate_tags":"NONE","scheduling_strategy":"REPLICA","service_connect_configuration":[],"service_registries":[],"tags":{},"tags_all":{},"task_definition":"arn:aws:ecs:us-east-1:992382546334:task-definition/wordpress:3","timeouts":null,"triggers":{},"wait_for_steady_state":false},"sensitive_attributes":[],"private":"eyJlMmJmYjczMC1lY2FhLTExZTYtOGY4OC0zNDM2M2JjN2M0YzAiOnsiY3JlYXRlIjoxMjAwMDAwMDAwMDAwLCJkZWxldGUiOjEyMDAwMDAwMDAwMDAsInVwZGF0ZSI6MTIwMDAwMDAwMDAwMH19","dependencies":["aws_db_instance.wordpress","aws_db_subnet_group.wordpress","aws_ecs_cluster.wordpress","aws_ecs_task_definition.wordpress","aws_security_group.rds","aws_security_group.wordpress","aws_subnet.public_1","aws_subnet.public_2","data.aws_vpc.existing"]}]},{"mode":"managed","type":"aws_ecs_task_definition","name":"wordpress","provider":"provider[\"registry.opentofu.org/hashicorp/aws\"]","instances":[{"schema_version":1,"attributes":{"arn":"arn:aws:ecs:us-east-1:992382546334:task-definition/wordpress:3","arn_without_revision":"arn:aws:ecs:us-east-1:992382546334:task-definition/wordpress","container_definitions":"[{\"cpu\":0,\"environment\":[{\"name\":\"WORDPRESS_DB_HOST\",\"value\":\"wordpress-db.c5a8kymeqvjr.us-east-1.rds.amazonaws.com:3306\"},{\"name\":\"WORDPRESS_DB_NAME\",\"value\":\"wordpress\"},{\"name\":\"WORDPRESS_DB_PASSWORD\",\"value\":\"wordpress1234\"},{\"name\":\"WORDPRESS_DB_USER\",\"value\":\"wordpress\"}],\"essential\":true,\"image\":\"public.ecr.aws/docker/library/wordpress:latest\",\"mountPoints\":[],\"name\":\"wordpress\",\"portMappings\":[{\"containerPort\":80,\"hostPort\":80,\"protocol\":\"tcp\"}],\"systemControls\":[],\"volumesFrom\":[]}]","cpu":"256","ephemeral_storage":[],"execution_role_arn":"","family":"wordpress","id":"wordpress","inference_accelerator":[],"ipc_mode":"","memory":"512","network_mode":"awsvpc","pid_mode":"","placement_constraints":[],"proxy_configuration":[],"requires_compatibilities":["FARGATE"],"revision":3,"runtime_platform":[],"skip_destroy":false,"tags":null,"tags_all":{},"task_role_arn":"","volume":[]},"sensitive_attributes":[[{"type":"get_attr","value":"container_definitions"}]],"private":"eyJzY2hlbWFfdmVyc2lvbiI6IjEifQ==","dependencies":["aws_db_instance.wordpress","aws_db_subnet_group.wordpress","aws_security_group.rds","aws_security_group.wordpress","aws_subnet.public_1","aws_subnet.public_2","data.aws_vpc.existing"]}]},{"mode":"managed","type":"aws_route_table","name":"public","provider":"provider[\"registry.opentofu.org/hashicorp/aws\"]","instances":[{"schema_version":0,"attributes":{"arn":"arn:aws:ec2:us-east-1:992382546334:route-table/rtb-0e7afe512b9f3b93b","id":"rtb-0e7afe512b9f3b93b","owner_id":"992382546334","propagating_vgws":[],"route":[{"carrier_gateway_id":"","cidr_block":"0.0.0.0/0","core_network_arn":"","destination_prefix_list_id":"","egress_only_gateway_id":"","gateway_id":"igw-0e8d8bb12aac73104","instance_id":"","ipv6_cidr_block":"","local_gateway_id":"","nat_gateway_id":"","network_interface_id":"","transit_gateway_id":"","vpc_endpoint_id":"","vpc_peering_connection_id":""}],"tags":{"Name":"public-route-table"},"tags_all":{"Name":"public-route-table"},"timeouts":null,"vpc_id":"vpc-0c3dd495297486d5d"},"sensitive_attributes":[],"private":"eyJlMmJmYjczMC1lY2FhLTExZTYtOGY4OC0zNDM2M2JjN2M0YzAiOnsiY3JlYXRlIjozMDAwMDAwMDAwMDAsImRlbGV0ZSI6MzAwMDAwMDAwMDAwLCJ1cGRhdGUiOjEyMDAwMDAwMDAwMH19","dependencies":["data.aws_internet_gateway.main","data.aws_vpc.existing"]}]},{"mode":"managed","type":"aws_route_table_association","name":"public_1","provider":"provider[\"registry.opentofu.org/hashicorp/aws\"]","instances":[{"schema_version":0,"attributes":{"gateway_id":"","id":"rtbassoc-0a8236bacbba5bfd3","route_table_id":"rtb-0e7afe512b9f3b93b","subnet_id":"subnet-0b280f4659ee665f2","timeouts":null},"sensitive_attributes":[],"private":"eyJlMmJmYjczMC1lY2FhLTExZTYtOGY4OC0zNDM2M2JjN2M0YzAiOnsiY3JlYXRlIjozMDAwMDAwMDAwMDAsImRlbGV0ZSI6MzAwMDAwMDAwMDAwLCJ1cGRhdGUiOjEyMDAwMDAwMDAwMH19","dependencies":["aws_route_table.public","aws_subnet.public_1","data.aws_internet_gateway.main","data.aws_vpc.existing"]}]},{"mode":"managed","type":"aws_route_table_association","name":"public_2","provider":"provider[\"registry.opentofu.org/hashicorp/aws\"]","instances":[{"schema_version":0,"attributes":{"gateway_id":"","id":"rtbassoc-0f8e8d0afb13c5f98","route_table_id":"rtb-0e7afe512b9f3b93b","subnet_id":"subnet-0efd3672eb7746788","timeouts":null},"sensitive_attributes":[],"private":"eyJlMmJmYjczMC1lY2FhLTExZTYtOGY4OC0zNDM2M2JjN2M0YzAiOnsiY3JlYXRlIjozMDAwMDAwMDAwMDAsImRlbGV0ZSI6MzAwMDAwMDAwMDAwLCJ1cGRhdGUiOjEyMDAwMDAwMDAwMH19","dependencies":["aws_route_table.public","aws_subnet.public_2","data.aws_internet_gateway.main","data.aws_vpc.existing"]}]},{"mode":"managed","type":"aws_security_group","name":"rds","provider":"provider[\"registry.opentofu.org/hashicorp/aws\"]","instances":[{"schema_version":1,"attributes":{"arn":"arn:aws:ec2:us-east-1:992382546334:security-group/sg-0d7901d76cb4cb99e","description":"Security group for WordPress RDS instance","egress":[],"id":"sg-0d7901d76cb4cb99e","ingress":[{"cidr_blocks":[],"description":"","from_port":3306,"ipv6_cidr_blocks":[],"prefix_list_ids":[],"protocol":"tcp","security_groups":["sg-06aaf767a40a7ded1"],"self":false,"to_port":3306}],"name":"wordpress-rds","name_prefix":"","owner_id":"992382546334","revoke_rules_on_delete":false,"tags":null,"tags_all":{},"timeouts":null,"vpc_id":"vpc-0c3dd495297486d5d"},"sensitive_attributes":[],"private":"eyJlMmJmYjczMC1lY2FhLTExZTYtOGY4OC0zNDM2M2JjN2M0YzAiOnsiY3JlYXRlIjo2MDAwMDAwMDAwMDAsImRlbGV0ZSI6OTAwMDAwMDAwMDAwfSwic2NoZW1hX3ZlcnNpb24iOiIxIn0=","dependencies":["aws_security_group.wordpress","data.aws_vpc.existing"]}]},{"mode":"managed","type":"aws_security_group","name":"wordpress","provider":"provider[\"registry.opentofu.org/hashicorp/aws\"]","instances":[{"schema_version":1,"attributes":{"arn":"arn:aws:ec2:us-east-1:992382546334:security-group/sg-06aaf767a40a7ded1","description":"Security group for WordPress containers","egress":[{"cidr_blocks":["0.0.0.0/0"],"description":"","from_port":0,"ipv6_cidr_blocks":[],"prefix_list_ids":[],"protocol":"-1","security_groups":[],"self":false,"to_port":0}],"id":"sg-06aaf767a40a7ded1","ingress":[{"cidr_blocks":["0.0.0.0/0"],"description":"","from_port":80,"ipv6_cidr_blocks":[],"prefix_list_ids":[],"protocol":"tcp","security_groups":[],"self":false,"to_port":80}],"name":"wordpress","name_prefix":"","owner_id":"992382546334","revoke_rules_on_delete":false,"tags":{},"tags_all":{},"timeouts":null,"vpc_id":"vpc-0c3dd495297486d5d"},"sensitive_attributes":[],"private":"eyJlMmJmYjczMC1lY2FhLTExZTYtOGY4OC0zNDM2M2JjN2M0YzAiOnsiY3JlYXRlIjo2MDAwMDAwMDAwMDAsImRlbGV0ZSI6OTAwMDAwMDAwMDAwfSwic2NoZW1hX3ZlcnNpb24iOiIxIn0=","dependencies":["data.aws_vpc.existing"]}]},{"mode":"managed","type":"aws_subnet","name":"public_1","provider":"provider[\"registry.opentofu.org/hashicorp/aws\"]","instances":[{"schema_version":1,"attributes":{"arn":"arn:aws:ec2:us-east-1:992382546334:subnet/subnet-0b280f4659ee665f2","assign_ipv6_address_on_creation":false,"availability_zone":"us-east-1a","availability_zone_id":"use1-az1","cidr_block":"10.0.3.0/24","customer_owned_ipv4_pool":"","enable_dns64":false,"enable_lni_at_device_index":0,"enable_resource_name_dns_a_record_on_launch":false,"enable_resource_name_dns_aaaa_record_on_launch":false,"id":"subnet-0b280f4659ee665f2","ipv6_cidr_block":"","ipv6_cidr_block_association_id":"","ipv6_native":false,"map_customer_owned_ip_on_launch":false,"map_public_ip_on_launch":true,"outpost_arn":"","owner_id":"992382546334","private_dns_hostname_type_on_launch":"ip-name","tags":{"Name":"public-subnet-1"},"tags_all":{"Name":"public-subnet-1"},"timeouts":null,"vpc_id":"vpc-0c3dd495297486d5d"},"sensitive_attributes":[],"private":"eyJlMmJmYjczMC1lY2FhLTExZTYtOGY4OC0zNDM2M2JjN2M0YzAiOnsiY3JlYXRlIjo2MDAwMDAwMDAwMDAsImRlbGV0ZSI6MTIwMDAwMDAwMDAwMH0sInNjaGVtYV92ZXJzaW9uIjoiMSJ9","dependencies":["data.aws_vpc.existing"]}]},{"mode":"managed","type":"aws_subnet","name":"public_2","provider":"provider[\"registry.opentofu.org/hashicorp/aws\"]","instances":[{"schema_version":1,"attributes":{"arn":"arn:aws:ec2:us-east-1:992382546334:subnet/subnet-0efd3672eb7746788","assign_ipv6_address_on_creation":false,"availability_zone":"us-east-1b","availability_zone_id":"use1-az2","cidr_block":"10.0.4.0/24","customer_owned_ipv4_pool":"","enable_dns64":false,"enable_lni_at_device_index":0,"enable_resource_name_dns_a_record_on_launch":false,"enable_resource_name_dns_aaaa_record_on_launch":false,"id":"subnet-0efd3672eb7746788","ipv6_cidr_block":"","ipv6_cidr_block_association_id":"","ipv6_native":false,"map_customer_owned_ip_on_launch":false,"map_public_ip_on_launch":true,"outpost_arn":"","owner_id":"992382546334","private_dns_hostname_type_on_launch":"ip-name","tags":{"Name":"public-subnet-2"},"tags_all":{"Name":"public-subnet-2"},"timeouts":null,"vpc_id":"vpc-0c3dd495297486d5d"},"sensitive_attributes":[],"private":"eyJlMmJmYjczMC1lY2FhLTExZTYtOGY4OC0zNDM2M2JjN2M0YzAiOnsiY3JlYXRlIjo2MDAwMDAwMDAwMDAsImRlbGV0ZSI6MTIwMDAwMDAwMDAwMH0sInNjaGVtYV92ZXJzaW9uIjoiMSJ9","dependencies":["data.aws_vpc.existing"]}]}],"check_results":null}
