{"version":4,"terraform_version":"1.9.0","serial":9,"lineage":"1d90e1f1-70d9-7134-9230-58094bda01b2","outputs":{},"resources":[{"mode":"data","type":"aws_internet_gateway","name":"main","provider":"provider[\"registry.opentofu.org/hashicorp/aws\"]","instances":[{"schema_version":0,"attributes":{"arn":"arn:aws:ec2:us-east-1:992382546334:internet-gateway/igw-0e8d8bb12aac73104","attachments":[{"state":"available","vpc_id":"vpc-0c3dd495297486d5d"}],"filter":[{"name":"attachment.vpc-id","values":["vpc-0c3dd495297486d5d"]}],"id":"igw-0e8d8bb12aac73104","internet_gateway_id":"igw-0e8d8bb12aac73104","owner_id":"992382546334","tags":{"Name":"main"},"timeouts":null},"sensitive_attributes":[]}]},{"mode":"data","type":"aws_vpc","name":"existing","provider":"provider[\"registry.opentofu.org/hashicorp/aws\"]","instances":[{"schema_version":0,"attributes":{"arn":"arn:aws:ec2:us-east-1:992382546334:vpc/vpc-0c3dd495297486d5d","cidr_block":"10.0.0.0/16","cidr_block_associations":[{"association_id":"vpc-cidr-assoc-0a5665e9cd49cff77","cidr_block":"10.0.0.0/16","state":"associated"}],"default":false,"dhcp_options_id":"dopt-09b55fdaed6380458","enable_dns_hostnames":true,"enable_dns_support":true,"enable_network_address_usage_metrics":false,"filter":[{"name":"tag:Name","values":["main"]}],"id":"vpc-0c3dd495297486d5d","instance_tenancy":"default","ipv6_association_id":"","ipv6_cidr_block":"","main_route_table_id":"rtb-04ec408ce6d96eb48","owner_id":"992382546334","state":null,"tags":{"Name":"main"},"timeouts":null},"sensitive_attributes":[]}]},{"mode":"managed","type":"aws_db_subnet_group","name":"wordpress","provider":"provider[\"registry.opentofu.org/hashicorp/aws\"]","instances":[{"schema_version":0,"attributes":{"arn":"arn:aws:rds:us-east-1:992382546334:subgrp:wordpress","description":"Managed by Terraform","id":"wordpress","name":"wordpress","name_prefix":"","subnet_ids":["subnet-0b280f4659ee665f2","subnet-0efd3672eb7746788"],"supported_network_types":["IPV4"],"tags":{},"tags_all":{},"vpc_id":"vpc-0c3dd495297486d5d"},"sensitive_attributes":[],"private":"bnVsbA==","dependencies":["aws_subnet.public_1","aws_subnet.public_2","data.aws_vpc.existing"]}]},{"mode":"managed","type":"aws_ecs_cluster","name":"wordpress","provider":"provider[\"registry.opentofu.org/hashicorp/aws\"]","instances":[{"schema_version":0,"attributes":{"arn":"arn:aws:ecs:us-east-1:992382546334:cluster/wordpress-cluster","capacity_providers":[],"configuration":[],"default_capacity_provider_strategy":[],"id":"arn:aws:ecs:us-east-1:992382546334:cluster/wordpress-cluster","name":"wordpress-cluster","service_connect_defaults":[],"setting":[{"name":"containerInsights","value":"disabled"}],"tags":{},"tags_all":{}},"sensitive_attributes":[],"private":"bnVsbA=="}]},{"mode":"managed","type":"aws_ecs_service","name":"wordpress","provider":"provider[\"registry.opentofu.org/hashicorp/aws\"]","instances":[{"schema_version":0,"attributes":{"alarms":[],"capacity_provider_strategy":[],"cluster":"arn:aws:ecs:us-east-1:992382546334:cluster/wordpress-cluster","deployment_circuit_breaker":[{"enable":false,"rollback":false}],"deployment_controller":[{"type":"ECS"}],"deployment_maximum_percent":200,"deployment_minimum_healthy_percent":100,"desired_count":1,"enable_ecs_managed_tags":false,"enable_execute_command":false,"force_new_deployment":null,"health_check_grace_period_seconds":0,"iam_role":"/aws-service-role/ecs.amazonaws.com/AWSServiceRoleForECS","id":"arn:aws:ecs:us-east-1:992382546334:service/wordpress-cluster/wordpress-service","launch_type":"FARGATE","load_balancer":[],"name":"wordpress-service","network_configuration":[{"assign_public_ip":true,"security_groups":["sg-06aaf767a40a7ded1"],"subnets":["subnet-0b280f4659ee665f2","subnet-0efd3672eb7746788"]}],"ordered_placement_strategy":[],"placement_constraints":[],"platform_version":"LATEST","propagate_tags":"NONE","scheduling_strategy":"REPLICA","service_connect_configuration":[],"service_registries":[],"tags":{},"tags_all":{},"task_definition":"arn:aws:ecs:us-east-1:992382546334:task-definition/wordpress:2","timeouts":null,"triggers":{},"wait_for_steady_state":false},"sensitive_attributes":[],"private":"eyJlMmJmYjczMC1lY2FhLTExZTYtOGY4OC0zNDM2M2JjN2M0YzAiOnsiY3JlYXRlIjoxMjAwMDAwMDAwMDAwLCJkZWxldGUiOjEyMDAwMDAwMDAwMDAsInVwZGF0ZSI6MTIwMDAwMDAwMDAwMH19","dependencies":["aws_db_subnet_group.wordpress","aws_ecs_cluster.wordpress","aws_ecs_task_definition.wordpress","aws_security_group.wordpress","aws_subnet.public_1","aws_subnet.public_2","data.aws_vpc.existing"]}]},{"mode":"managed","type":"aws_ecs_task_definition","name":"wordpress","provider":"provider[\"registry.opentofu.org/hashicorp/aws\"]","instances":[{"schema_version":1,"attributes":{"arn":"arn:aws:ecs:us-east-1:992382546334:task-definition/wordpress:2","arn_without_revision":"arn:aws:ecs:us-east-1:992382546334:task-definition/wordpress","container_definitions":"[{\"cpu\":0,\"environment\":[{\"name\":\"WORDPRESS_DB_HOST\",\"value\":\"wordpress\"},{\"name\":\"WORDPRESS_DB_NAME\",\"value\":\"wordpress\"},{\"name\":\"WORDPRESS_DB_PASSWORD\",\"value\":\"password123\"},{\"name\":\"WORDPRESS_DB_USER\",\"value\":\"wordpress\"}],\"essential\":true,\"image\":\"public.ecr.aws/docker/library/wordpress:latest\",\"mountPoints\":[],\"name\":\"wordpress\",\"portMappings\":[{\"containerPort\":80,\"hostPort\":80,\"protocol\":\"tcp\"}],\"systemControls\":[],\"volumesFrom\":[]}]","cpu":"256","ephemeral_storage":[],"execution_role_arn":"","family":"wordpress","id":"wordpress","inference_accelerator":[],"ipc_mode":"","memory":"512","network_mode":"awsvpc","pid_mode":"","placement_constraints":[],"proxy_configuration":[],"requires_compatibilities":["FARGATE"],"revision":2,"runtime_platform":[],"skip_destroy":false,"tags":null,"tags_all":{},"task_role_arn":"","volume":[]},"sensitive_attributes":[],"private":"eyJzY2hlbWFfdmVyc2lvbiI6IjEifQ==","dependencies":["aws_db_subnet_group.wordpress","aws_subnet.public_1","aws_subnet.public_2","data.aws_vpc.existing"]}]},{"mode":"managed","type":"aws_route_table","name":"public","provider":"provider[\"registry.opentofu.org/hashicorp/aws\"]","instances":[{"schema_version":0,"attributes":{"arn":"arn:aws:ec2:us-east-1:992382546334:route-table/rtb-0e7afe512b9f3b93b","id":"rtb-0e7afe512b9f3b93b","owner_id":"992382546334","propagating_vgws":[],"route":[{"carrier_gateway_id":"","cidr_block":"0.0.0.0/0","core_network_arn":"","destination_prefix_list_id":"","egress_only_gateway_id":"","gateway_id":"igw-0e8d8bb12aac73104","instance_id":"","ipv6_cidr_block":"","local_gateway_id":"","nat_gateway_id":"","network_interface_id":"","transit_gateway_id":"","vpc_endpoint_id":"","vpc_peering_connection_id":""}],"tags":{"Name":"public-route-table"},"tags_all":{"Name":"public-route-table"},"timeouts":null,"vpc_id":"vpc-0c3dd495297486d5d"},"sensitive_attributes":[],"private":"eyJlMmJmYjczMC1lY2FhLTExZTYtOGY4OC0zNDM2M2JjN2M0YzAiOnsiY3JlYXRlIjozMDAwMDAwMDAwMDAsImRlbGV0ZSI6MzAwMDAwMDAwMDAwLCJ1cGRhdGUiOjEyMDAwMDAwMDAwMH19","dependencies":["data.aws_internet_gateway.main","data.aws_vpc.existing"]}]},{"mode":"managed","type":"aws_route_table_association","name":"public_1","provider":"provider[\"registry.opentofu.org/hashicorp/aws\"]","instances":[{"schema_version":0,"attributes":{"gateway_id":"","id":"rtbassoc-0a8236bacbba5bfd3","route_table_id":"rtb-0e7afe512b9f3b93b","subnet_id":"subnet-0b280f4659ee665f2","timeouts":null},"sensitive_attributes":[],"private":"eyJlMmJmYjczMC1lY2FhLTExZTYtOGY4OC0zNDM2M2JjN2M0YzAiOnsiY3JlYXRlIjozMDAwMDAwMDAwMDAsImRlbGV0ZSI6MzAwMDAwMDAwMDAwLCJ1cGRhdGUiOjEyMDAwMDAwMDAwMH19","dependencies":["aws_route_table.public","aws_subnet.public_1","data.aws_internet_gateway.main","data.aws_vpc.existing"]}]},{"mode":"managed","type":"aws_route_table_association","name":"public_2","provider":"provider[\"registry.opentofu.org/hashicorp/aws\"]","instances":[{"schema_version":0,"attributes":{"gateway_id":"","id":"rtbassoc-0f8e8d0afb13c5f98","route_table_id":"rtb-0e7afe512b9f3b93b","subnet_id":"subnet-0efd3672eb7746788","timeouts":null},"sensitive_attributes":[],"private":"eyJlMmJmYjczMC1lY2FhLTExZTYtOGY4OC0zNDM2M2JjN2M0YzAiOnsiY3JlYXRlIjozMDAwMDAwMDAwMDAsImRlbGV0ZSI6MzAwMDAwMDAwMDAwLCJ1cGRhdGUiOjEyMDAwMDAwMDAwMH19","dependencies":["aws_route_table.public","aws_subnet.public_2","data.aws_internet_gateway.main","data.aws_vpc.existing"]}]},{"mode":"managed","type":"aws_security_group","name":"wordpress","provider":"provider[\"registry.opentofu.org/hashicorp/aws\"]","instances":[{"schema_version":1,"attributes":{"arn":"arn:aws:ec2:us-east-1:992382546334:security-group/sg-06aaf767a40a7ded1","description":"Security group for WordPress containers","egress":[{"cidr_blocks":["0.0.0.0/0"],"description":"","from_port":0,"ipv6_cidr_blocks":[],"prefix_list_ids":[],"protocol":"-1","security_groups":[],"self":false,"to_port":0}],"id":"sg-06aaf767a40a7ded1","ingress":[{"cidr_blocks":["0.0.0.0/0"],"description":"","from_port":80,"ipv6_cidr_blocks":[],"prefix_list_ids":[],"protocol":"tcp","security_groups":[],"self":false,"to_port":80}],"name":"wordpress","name_prefix":"","owner_id":"992382546334","revoke_rules_on_delete":false,"tags":{},"tags_all":{},"timeouts":null,"vpc_id":"vpc-0c3dd495297486d5d"},"sensitive_attributes":[],"private":"eyJlMmJmYjczMC1lY2FhLTExZTYtOGY4OC0zNDM2M2JjN2M0YzAiOnsiY3JlYXRlIjo2MDAwMDAwMDAwMDAsImRlbGV0ZSI6OTAwMDAwMDAwMDAwfSwic2NoZW1hX3ZlcnNpb24iOiIxIn0=","dependencies":["data.aws_vpc.existing"]}]},{"mode":"managed","type":"aws_subnet","name":"public_1","provider":"provider[\"registry.opentofu.org/hashicorp/aws\"]","instances":[{"schema_version":1,"attributes":{"arn":"arn:aws:ec2:us-east-1:992382546334:subnet/subnet-0b280f4659ee665f2","assign_ipv6_address_on_creation":false,"availability_zone":"us-east-1a","availability_zone_id":"use1-az1","cidr_block":"10.0.3.0/24","customer_owned_ipv4_pool":"","enable_dns64":false,"enable_lni_at_device_index":0,"enable_resource_name_dns_a_record_on_launch":false,"enable_resource_name_dns_aaaa_record_on_launch":false,"id":"subnet-0b280f4659ee665f2","ipv6_cidr_block":"","ipv6_cidr_block_association_id":"","ipv6_native":false,"map_customer_owned_ip_on_launch":false,"map_public_ip_on_launch":true,"outpost_arn":"","owner_id":"992382546334","private_dns_hostname_type_on_launch":"ip-name","tags":{"Name":"public-subnet-1"},"tags_all":{"Name":"public-subnet-1"},"timeouts":null,"vpc_id":"vpc-0c3dd495297486d5d"},"sensitive_attributes":[],"private":"eyJlMmJmYjczMC1lY2FhLTExZTYtOGY4OC0zNDM2M2JjN2M0YzAiOnsiY3JlYXRlIjo2MDAwMDAwMDAwMDAsImRlbGV0ZSI6MTIwMDAwMDAwMDAwMH0sInNjaGVtYV92ZXJzaW9uIjoiMSJ9","dependencies":["data.aws_vpc.existing"]}]},{"mode":"managed","type":"aws_subnet","name":"public_2","provider":"provider[\"registry.opentofu.org/hashicorp/aws\"]","instances":[{"schema_version":1,"attributes":{"arn":"arn:aws:ec2:us-east-1:992382546334:subnet/subnet-0efd3672eb7746788","assign_ipv6_address_on_creation":false,"availability_zone":"us-east-1b","availability_zone_id":"use1-az2","cidr_block":"10.0.4.0/24","customer_owned_ipv4_pool":"","enable_dns64":false,"enable_lni_at_device_index":0,"enable_resource_name_dns_a_record_on_launch":false,"enable_resource_name_dns_aaaa_record_on_launch":false,"id":"subnet-0efd3672eb7746788","ipv6_cidr_block":"","ipv6_cidr_block_association_id":"","ipv6_native":false,"map_customer_owned_ip_on_launch":false,"map_public_ip_on_launch":true,"outpost_arn":"","owner_id":"992382546334","private_dns_hostname_type_on_launch":"ip-name","tags":{"Name":"public-subnet-2"},"tags_all":{"Name":"public-subnet-2"},"timeouts":null,"vpc_id":"vpc-0c3dd495297486d5d"},"sensitive_attributes":[],"private":"eyJlMmJmYjczMC1lY2FhLTExZTYtOGY4OC0zNDM2M2JjN2M0YzAiOnsiY3JlYXRlIjo2MDAwMDAwMDAwMDAsImRlbGV0ZSI6MTIwMDAwMDAwMDAwMH0sInNjaGVtYV92ZXJzaW9uIjoiMSJ9","dependencies":["data.aws_vpc.existing"]}]}],"check_results":null}
