{"version":4,"terraform_version":"1.9.0","serial":7,"lineage":"a08fbe5d-5793-8a22-2459-b10753dbee52","outputs":{"rds_endpoint":{"value":"mysql.c5a8kymeqvjr.us-east-1.rds.amazonaws.com:3306","type":"string"},"rds_port":{"value":3306,"type":"number"}},"resources":[{"mode":"data","type":"aws_internet_gateway","name":"main","provider":"provider[\"registry.opentofu.org/hashicorp/aws\"]","instances":[{"schema_version":0,"attributes":{"arn":"arn:aws:ec2:us-east-1:992382546334:internet-gateway/igw-0e8d8bb12aac73104","attachments":[{"state":"available","vpc_id":"vpc-0c3dd495297486d5d"}],"filter":[{"name":"attachment.vpc-id","values":["vpc-0c3dd495297486d5d"]}],"id":"igw-0e8d8bb12aac73104","internet_gateway_id":"igw-0e8d8bb12aac73104","owner_id":"992382546334","tags":{"Name":"main"},"timeouts":null},"sensitive_attributes":[]}]},{"mode":"data","type":"aws_security_group","name":"rds","provider":"provider[\"registry.opentofu.org/hashicorp/aws\"]","instances":[{"schema_version":0,"attributes":{"arn":"arn:aws:ec2:us-east-1:992382546334:security-group/sg-09d9bbeb65e2e51de","description":"Security group for RDS MySQL instance","filter":null,"id":"sg-09d9bbeb65e2e51de","name":"rds-security-group","tags":{"Name":"rds-security-group"},"timeouts":null,"vpc_id":"vpc-0c3dd495297486d5d"},"sensitive_attributes":[]}]},{"mode":"data","type":"aws_vpc","name":"existing","provider":"provider[\"registry.opentofu.org/hashicorp/aws\"]","instances":[{"schema_version":0,"attributes":{"arn":"arn:aws:ec2:us-east-1:992382546334:vpc/vpc-0c3dd495297486d5d","cidr_block":"10.0.0.0/16","cidr_block_associations":[{"association_id":"vpc-cidr-assoc-0a5665e9cd49cff77","cidr_block":"10.0.0.0/16","state":"associated"}],"default":false,"dhcp_options_id":"dopt-09b55fdaed6380458","enable_dns_hostnames":true,"enable_dns_support":true,"enable_network_address_usage_metrics":false,"filter":[{"name":"tag:Name","values":["main"]}],"id":"vpc-0c3dd495297486d5d","instance_tenancy":"default","ipv6_association_id":"","ipv6_cidr_block":"","main_route_table_id":"rtb-04ec408ce6d96eb48","owner_id":"992382546334","state":null,"tags":{"Name":"main"},"timeouts":null},"sensitive_attributes":[]}]},{"mode":"managed","type":"aws_db_instance","name":"mysql","provider":"provider[\"registry.opentofu.org/hashicorp/aws\"]","instances":[{"schema_version":1,"attributes":{"address":"mysql.c5a8kymeqvjr.us-east-1.rds.amazonaws.com","allocated_storage":20,"allow_major_version_upgrade":null,"apply_immediately":false,"arn":"arn:aws:rds:us-east-1:992382546334:db:mysql","auto_minor_version_upgrade":true,"availability_zone":"us-east-1b","backup_retention_period":7,"backup_window":"03:00-04:00","blue_green_update":[],"ca_cert_identifier":"rds-ca-rsa2048-g1","character_set_name":"","copy_tags_to_snapshot":false,"custom_iam_instance_profile":"","customer_owned_ip_enabled":false,"db_name":"box_storage","db_subnet_group_name":"rds-subnet-group","delete_automated_backups":true,"deletion_protection":false,"domain":"","domain_iam_role_name":"","enabled_cloudwatch_logs_exports":null,"endpoint":"mysql.c5a8kymeqvjr.us-east-1.rds.amazonaws.com:3306","engine":"mysql","engine_version":"8.4.3","engine_version_actual":"8.4.3","final_snapshot_identifier":null,"hosted_zone_id":"Z2R2ITUGPM61AM","iam_database_authentication_enabled":false,"id":"mysql","identifier":"mysql","identifier_prefix":"","instance_class":"db.t3.micro","iops":0,"kms_key_id":"","latest_restorable_time":"2025-01-15T19:01:44Z","license_model":"general-public-license","listener_endpoint":[],"maintenance_window":"mon:04:00-mon:05:00","manage_master_user_password":null,"master_user_secret":[],"master_user_secret_kms_key_id":null,"max_allocated_storage":0,"monitoring_interval":0,"monitoring_role_arn":"","multi_az":false,"name":"box_storage","nchar_character_set_name":"","network_type":"IPV4","option_group_name":"default:mysql-8-4","parameter_group_name":"default.mysql8.4","password":"Thisistherootpw","performance_insights_enabled":false,"performance_insights_kms_key_id":"","performance_insights_retention_period":0,"port":3306,"publicly_accessible":true,"replica_mode":"","replicas":[],"replicate_source_db":"","resource_id":"db-Y37SH4ZUQR2FUIDMBV7TQQ7JW4","restore_to_point_in_time":[],"s3_import":[],"security_group_names":null,"skip_final_snapshot":true,"snapshot_identifier":null,"status":"available","storage_encrypted":false,"storage_throughput":0,"storage_type":"gp2","tags":{"Name":"MySQL RDS Instance"},"tags_all":{"Name":"MySQL RDS Instance"},"timeouts":null,"timezone":"","username":"root","vpc_security_group_ids":["sg-09d9bbeb65e2e51de"]},"sensitive_attributes":[[{"type":"get_attr","value":"password"}]],"private":"eyJlMmJmYjczMC1lY2FhLTExZTYtOGY4OC0zNDM2M2JjN2M0YzAiOnsiY3JlYXRlIjoyNDAwMDAwMDAwMDAwLCJkZWxldGUiOjM2MDAwMDAwMDAwMDAsInVwZGF0ZSI6NDgwMDAwMDAwMDAwMH0sInNjaGVtYV92ZXJzaW9uIjoiMSJ9","dependencies":["aws_db_subnet_group.rds-subnet-group","aws_subnet.subnet_1","aws_subnet.subnet_2","data.aws_security_group.rds","data.aws_vpc.existing"]}]},{"mode":"managed","type":"aws_db_subnet_group","name":"rds-subnet-group","provider":"provider[\"registry.opentofu.org/hashicorp/aws\"]","instances":[{"schema_version":0,"attributes":{"arn":"arn:aws:rds:us-east-1:992382546334:subgrp:rds-subnet-group","description":"Managed by Terraform","id":"rds-subnet-group","name":"rds-subnet-group","name_prefix":"","subnet_ids":["subnet-058f6f4d822f84954","subnet-069f8621958f14f97"],"supported_network_types":["IPV4"],"tags":{"Name":"DB subnet group"},"tags_all":{"Name":"DB subnet group"},"vpc_id":"vpc-0c3dd495297486d5d"},"sensitive_attributes":[],"private":"bnVsbA==","dependencies":["aws_subnet.subnet_1","aws_subnet.subnet_2","data.aws_vpc.existing"]}]},{"mode":"managed","type":"aws_subnet","name":"subnet_1","provider":"provider[\"registry.opentofu.org/hashicorp/aws\"]","instances":[{"schema_version":1,"attributes":{"arn":"arn:aws:ec2:us-east-1:992382546334:subnet/subnet-058f6f4d822f84954","assign_ipv6_address_on_creation":false,"availability_zone":"us-east-1a","availability_zone_id":"use1-az1","cidr_block":"10.0.5.0/24","customer_owned_ipv4_pool":"","enable_dns64":false,"enable_lni_at_device_index":0,"enable_resource_name_dns_a_record_on_launch":false,"enable_resource_name_dns_aaaa_record_on_launch":false,"id":"subnet-058f6f4d822f84954","ipv6_cidr_block":"","ipv6_cidr_block_association_id":"","ipv6_native":false,"map_customer_owned_ip_on_launch":false,"map_public_ip_on_launch":false,"outpost_arn":"","owner_id":"992382546334","private_dns_hostname_type_on_launch":"ip-name","tags":{"Name":"Subnet 1"},"tags_all":{"Name":"Subnet 1"},"timeouts":null,"vpc_id":"vpc-0c3dd495297486d5d"},"sensitive_attributes":[],"private":"eyJlMmJmYjczMC1lY2FhLTExZTYtOGY4OC0zNDM2M2JjN2M0YzAiOnsiY3JlYXRlIjo2MDAwMDAwMDAwMDAsImRlbGV0ZSI6MTIwMDAwMDAwMDAwMH0sInNjaGVtYV92ZXJzaW9uIjoiMSJ9","dependencies":["data.aws_vpc.existing"]}]},{"mode":"managed","type":"aws_subnet","name":"subnet_2","provider":"provider[\"registry.opentofu.org/hashicorp/aws\"]","instances":[{"schema_version":1,"attributes":{"arn":"arn:aws:ec2:us-east-1:992382546334:subnet/subnet-069f8621958f14f97","assign_ipv6_address_on_creation":false,"availability_zone":"us-east-1b","availability_zone_id":"use1-az2","cidr_block":"10.0.6.0/24","customer_owned_ipv4_pool":"","enable_dns64":false,"enable_lni_at_device_index":0,"enable_resource_name_dns_a_record_on_launch":false,"enable_resource_name_dns_aaaa_record_on_launch":false,"id":"subnet-069f8621958f14f97","ipv6_cidr_block":"","ipv6_cidr_block_association_id":"","ipv6_native":false,"map_customer_owned_ip_on_launch":false,"map_public_ip_on_launch":false,"outpost_arn":"","owner_id":"992382546334","private_dns_hostname_type_on_launch":"ip-name","tags":{"Name":"Subnet 2"},"tags_all":{"Name":"Subnet 2"},"timeouts":null,"vpc_id":"vpc-0c3dd495297486d5d"},"sensitive_attributes":[],"private":"eyJlMmJmYjczMC1lY2FhLTExZTYtOGY4OC0zNDM2M2JjN2M0YzAiOnsiY3JlYXRlIjo2MDAwMDAwMDAwMDAsImRlbGV0ZSI6MTIwMDAwMDAwMDAwMH0sInNjaGVtYV92ZXJzaW9uIjoiMSJ9","dependencies":["data.aws_vpc.existing"]}]},{"mode":"managed","type":"null_resource","name":"db_setup","provider":"provider[\"registry.opentofu.org/hashicorp/null\"]","instances":[{"status":"tainted","schema_version":0,"attributes":{"id":"6031302678181845597","triggers":null},"sensitive_attributes":[],"dependencies":["aws_db_instance.mysql","aws_db_subnet_group.rds-subnet-group","aws_subnet.subnet_1","aws_subnet.subnet_2","data.aws_security_group.rds","data.aws_vpc.existing"]}]}],"check_results":null}
